
Microsoft Visual Studio Solution File, Format Version 12.00
# Visual Studio 15
VisualStudioVersion = 15.0.28307.329
MinimumVisualStudioVersion = 10.0.40219.1
Project("{FAE04EC0-301F-11D3-BF4B-00C04F79EFBC}") = "RemoteRunner", "RemoteRunner\RemoteRunner.csproj", "{B8F80F36-3A09-411F-8086-4FF5E2C88231}"
EndProject
Project("{FAE04EC0-301F-11D3-BF4B-00C04F79EFBC}") = "ServerApp", "ServerApp\ServerApp.csproj", "{CDB6A9AE-D9B7-4D4E-A0A6-F0F043799FCD}"
EndProject
Project("{FAE04EC0-301F-11D3-BF4B-00C04F79EFBC}") = "fusrwTest", "fusrwTest\fusrwTest.csproj", "{32006B14-2CA2-41A0-BD1E-366AD3CF44BB}"
EndProject
Global
	GlobalSection(SolutionConfigurationPlatforms) = preSolution
		Debug|Any CPU = Debug|Any CPU
		Release|Any CPU = Release|Any CPU
	EndGlobalSection
	GlobalSection(ProjectConfigurationPlatforms) = postSolution
		{B8F80F36-3A09-411F-8086-4FF5E2C88231}.Debug|Any CPU.ActiveCfg = Debug|Any CPU
		{B8F80F36-3A09-411F-8086-4FF5E2C88231}.Debug|Any CPU.Build.0 = Debug|Any CPU
		{B8F80F36-3A09-411F-8086-4FF5E2C88231}.Release|Any CPU.ActiveCfg = Debug|Any CPU
		{B8F80F36-3A09-411F-8086-4FF5E2C88231}.Release|Any CPU.Build.0 = Debug|Any CPU
		{CDB6A9AE-D9B7-4D4E-A0A6-F0F043799FCD}.Debug|Any CPU.ActiveCfg = Debug|Any CPU
		{CDB6A9AE-D9B7-4D4E-A0A6-F0F043799FCD}.Debug|Any CPU.Build.0 = Debug|Any CPU
		{CDB6A9AE-D9B7-4D4E-A0A6-F0F043799FCD}.Release|Any CPU.ActiveCfg = Debug|Any CPU
		{CDB6A9AE-D9B7-4D4E-A0A6-F0F043799FCD}.Release|Any CPU.Build.0 = Debug|Any CPU
		{32006B14-2CA2-41A0-BD1E-366AD3CF44BB}.Debug|Any CPU.ActiveCfg = Debug|Any CPU
		{32006B14-2CA2-41A0-BD1E-366AD3CF44BB}.Debug|Any CPU.Build.0 = Debug|Any CPU
		{32006B14-2CA2-41A0-BD1E-366AD3CF44BB}.Release|Any CPU.ActiveCfg = Release|Any CPU
		{32006B14-2CA2-41A0-BD1E-366AD3CF44BB}.Release|Any CPU.Build.0 = Release|Any CPU
	EndGlobalSection
	GlobalSection(SolutionProperties) = preSolution
		HideSolutionNode = FALSE
	EndGlobalSection
	GlobalSection(ExtensibilityGlobals) = postSolution
		SolutionGuid = {B4D309F1-AE1E-4C1F-8AA1-F981725C8B12}
	EndGlobalSection
EndGlobal
